
Microsoft Visual Studio Solution File, Format Version 12.00
# Visual Studio Version 16
VisualStudioVersion = 16.0.29728.190
MinimumVisualStudioVersion = 10.0.40219.1
Project("{FAE04EC0-301F-11D3-BF4B-00C04F79EFBC}") = "LoginApi", "LoginApi\LoginApi.csproj", "{25B43583-3225-4106-8A61-07F0277FAE0F}"
EndProject
Global
	GlobalSection(SolutionConfigurationPlatforms) = preSolution
		Debug|Any CPU = Debug|Any CPU
		Release|Any CPU = Release|Any CPU
	EndGlobalSection
	GlobalSection(ProjectConfigurationPlatforms) = postSolution
		{25B43583-3225-4106-8A61-07F0277FAE0F}.Debug|Any CPU.ActiveCfg = Debug|Any CPU
		{25B43583-3225-4106-8A61-07F0277FAE0F}.Debug|Any CPU.Build.0 = Debug|Any CPU
		{25B43583-3225-4106-8A61-07F0277FAE0F}.Release|Any CPU.ActiveCfg = Release|Any CPU
		{25B43583-3225-4106-8A61-07F0277FAE0F}.Release|Any CPU.Build.0 = Release|Any CPU
	EndGlobalSection
	GlobalSection(SolutionProperties) = preSolution
		HideSolutionNode = FALSE
	EndGlobalSection
	GlobalSection(ExtensibilityGlobals) = postSolution
		SolutionGuid = {589876D6-6493-4095-9C4A-B17D1404332F}
	EndGlobalSection
EndGlobal
